
Microsoft Visual Studio Solution File, Format Version 12.00
# Visual Studio Version 16
VisualStudioVersion = 16.0.31005.135
MinimumVisualStudioVersion = 10.0.40219.1
Project("{FAE04EC0-301F-11D3-BF4B-00C04F79EFBC}") = "Calculator", "Calculator\Calculator.csproj", "{CBAD8872-90AE-4BA1-B838-647C71CB3C17}"
EndProject
Global
	GlobalSection(SolutionConfigurationPlatforms) = preSolution
		Debug|Any CPU = Debug|Any CPU
		Release|Any CPU = Release|Any CPU
	EndGlobalSection
	GlobalSection(ProjectConfigurationPlatforms) = postSolution
		{CBAD8872-90AE-4BA1-B838-647C71CB3C17}.Debug|Any CPU.ActiveCfg = Debug|Any CPU
		{CBAD8872-90AE-4BA1-B838-647C71CB3C17}.Debug|Any CPU.Build.0 = Debug|Any CPU
		{CBAD8872-90AE-4BA1-B838-647C71CB3C17}.Release|Any CPU.ActiveCfg = Release|Any CPU
		{CBAD8872-90AE-4BA1-B838-647C71CB3C17}.Release|Any CPU.Build.0 = Release|Any CPU
	EndGlobalSection
	GlobalSection(SolutionProperties) = preSolution
		HideSolutionNode = FALSE
	EndGlobalSection
	GlobalSection(ExtensibilityGlobals) = postSolution
		SolutionGuid = {A67604FD-8A62-453F-B13F-989C095E7221}
	EndGlobalSection
EndGlobal
